
Microsoft Visual Studio Solution File, Format Version 12.00
# Visual Studio Version 16
VisualStudioVersion = 16.0.31613.86
MinimumVisualStudioVersion = 10.0.40219.1
Project("{9A19103F-16F7-4668-BE54-9A1E7A4F7556}") = "ProjectTwo", "ProjectTwo.csproj", "{72065061-ED92-43BF-8715-A628E7F1CC23}"
EndProject
Project("{9A19103F-16F7-4668-BE54-9A1E7A4F7556}") = "ProjectTwoClient", "..\ProjectTwoClient\ProjectTwoClient.csproj", "{C23A6943-6827-498A-AC06-E172D1BED113}"
EndProject
Project("{FAE04EC0-301F-11D3-BF4B-00C04F79EFBC}") = "ProjectTwoTest", "..\ProjectTwoTest\ProjectTwoTest.csproj", "{52A1BBB0-DD1B-459B-948D-5A79C1F1D20D}"
EndProject
Global
	GlobalSection(SolutionConfigurationPlatforms) = preSolution
		Debug|Any CPU = Debug|Any CPU
		Release|Any CPU = Release|Any CPU
	EndGlobalSection
	GlobalSection(ProjectConfigurationPlatforms) = postSolution
		{72065061-ED92-43BF-8715-A628E7F1CC23}.Debug|Any CPU.ActiveCfg = Debug|Any CPU
		{72065061-ED92-43BF-8715-A628E7F1CC23}.Debug|Any CPU.Build.0 = Debug|Any CPU
		{72065061-ED92-43BF-8715-A628E7F1CC23}.Release|Any CPU.ActiveCfg = Release|Any CPU
		{72065061-ED92-43BF-8715-A628E7F1CC23}.Release|Any CPU.Build.0 = Release|Any CPU
		{C23A6943-6827-498A-AC06-E172D1BED113}.Debug|Any CPU.ActiveCfg = Debug|Any CPU
		{C23A6943-6827-498A-AC06-E172D1BED113}.Debug|Any CPU.Build.0 = Debug|Any CPU
		{C23A6943-6827-498A-AC06-E172D1BED113}.Release|Any CPU.ActiveCfg = Release|Any CPU
		{C23A6943-6827-498A-AC06-E172D1BED113}.Release|Any CPU.Build.0 = Release|Any CPU
		{52A1BBB0-DD1B-459B-948D-5A79C1F1D20D}.Debug|Any CPU.ActiveCfg = Debug|Any CPU
		{52A1BBB0-DD1B-459B-948D-5A79C1F1D20D}.Debug|Any CPU.Build.0 = Debug|Any CPU
		{52A1BBB0-DD1B-459B-948D-5A79C1F1D20D}.Release|Any CPU.ActiveCfg = Release|Any CPU
		{52A1BBB0-DD1B-459B-948D-5A79C1F1D20D}.Release|Any CPU.Build.0 = Release|Any CPU
	EndGlobalSection
	GlobalSection(SolutionProperties) = preSolution
		HideSolutionNode = FALSE
	EndGlobalSection
	GlobalSection(ExtensibilityGlobals) = postSolution
		SolutionGuid = {81FDEF52-7C8F-48FB-B3EA-9B399389C7A9}
	EndGlobalSection
EndGlobal
